
Microsoft Visual Studio Solution File, Format Version 12.00
# Visual Studio Version 16
VisualStudioVersion = 16.0.30611.23
MinimumVisualStudioVersion = 10.0.40219.1
Project("{FAE04EC0-301F-11D3-BF4B-00C04F79EFBC}") = "TestStopWatch", "TestStopWatch\TestStopWatch.csproj", "{1050C6BA-189C-4886-91E2-3895CDB4221C}"
EndProject
Global
	GlobalSection(SolutionConfigurationPlatforms) = preSolution
		Debug|Any CPU = Debug|Any CPU
		Release|Any CPU = Release|Any CPU
	EndGlobalSection
	GlobalSection(ProjectConfigurationPlatforms) = postSolution
		{1050C6BA-189C-4886-91E2-3895CDB4221C}.Debug|Any CPU.ActiveCfg = Debug|Any CPU
		{1050C6BA-189C-4886-91E2-3895CDB4221C}.Debug|Any CPU.Build.0 = Debug|Any CPU
		{1050C6BA-189C-4886-91E2-3895CDB4221C}.Release|Any CPU.ActiveCfg = Release|Any CPU
		{1050C6BA-189C-4886-91E2-3895CDB4221C}.Release|Any CPU.Build.0 = Release|Any CPU
	EndGlobalSection
	GlobalSection(SolutionProperties) = preSolution
		HideSolutionNode = FALSE
	EndGlobalSection
	GlobalSection(ExtensibilityGlobals) = postSolution
		SolutionGuid = {349E465E-AC20-4361-A53B-774BDC4B4AA9}
	EndGlobalSection
EndGlobal
